// !$*UTF8*$!
{
	archiveVersion = 1;
	classes = {
	};
	objectVersion = 46;
	objects = {

/* Begin PBXBuildFile section */
		65133B6D1860ECE30040A373 /* introButtons-close-HL.png in Resources */ = {isa = PBXBuildFile; fileRef = 65133B691860ECE30040A373 /* introButtons-close-HL.png */; };
		65133B6E1860ECE30040A373 /* introButtons-close-HL@2x.png in Resources */ = {isa = PBXBuildFile; fileRef = 65133B6A1860ECE30040A373 /* introButtons-close-HL@2x.png */; };
		65133B6F1860ECE30040A373 /* introButtons-close.png in Resources */ = {isa = PBXBuildFile; fileRef = 65133B6B1860ECE30040A373 /* introButtons-close.png */; };
		65133B701860ECE30040A373 /* introButtons-close@2x.png in Resources */ = {isa = PBXBuildFile; fileRef = 65133B6C1860ECE30040A373 /* introButtons-close@2x.png */; };
		65133B731860F0750040A373 /* keyboard.png in Resources */ = {isa = PBXBuildFile; fileRef = 65133B711860F0750040A373 /* keyboard.png */; };
		65133B741860F0750040A373 /* keyboard@2x.png in Resources */ = {isa = PBXBuildFile; fileRef = 65133B721860F0750040A373 /* keyboard@2x.png */; };
		651A7EEF168F1F4C00A76288 /* VolumeWindow.m in Sources */ = {isa = PBXBuildFile; fileRef = 651A7EED168F1F4C00A76288 /* VolumeWindow.m */; };
		653FDD9A185F770000F9795D /* introButtons-next.png in Resources */ = {isa = PBXBuildFile; fileRef = 653FDD96185F770000F9795D /* introButtons-next.png */; };
		653FDD9B185F770000F9795D /* introButtons-next@2x.png in Resources */ = {isa = PBXBuildFile; fileRef = 653FDD97185F770000F9795D /* introButtons-next@2x.png */; };
		653FDD9C185F770000F9795D /* introButtons-prev.png in Resources */ = {isa = PBXBuildFile; fileRef = 653FDD98185F770000F9795D /* introButtons-prev.png */; };
		653FDD9D185F770000F9795D /* introButtons-prev@2x.png in Resources */ = {isa = PBXBuildFile; fileRef = 653FDD99185F770000F9795D /* introButtons-prev@2x.png */; };
		653FDDA0185F780000F9795D /* introButtons-next-HL.png in Resources */ = {isa = PBXBuildFile; fileRef = 653FDD9E185F780000F9795D /* introButtons-next-HL.png */; };
		653FDDA1185F780000F9795D /* introButtons-next-HL@2x.png in Resources */ = {isa = PBXBuildFile; fileRef = 653FDD9F185F780000F9795D /* introButtons-next-HL@2x.png */; };
		654DDC65185DDD510095AA66 /* dsa_pub.pem in Resources */ = {isa = PBXBuildFile; fileRef = 654DDC64185DDD510095AA66 /* dsa_pub.pem */; };
		656C6C78168A2A0B00ECA482 /* main.m in Sources */ = {isa = PBXBuildFile; fileRef = 656C6C77168A2A0B00ECA482 /* main.m */; };
		656C6C7F168A2A0B00ECA482 /* AppDelegate.m in Sources */ = {isa = PBXBuildFile; fileRef = 656C6C7E168A2A0B00ECA482 /* AppDelegate.m */; };
		656C6CA3168A456900ECA482 /* ScriptingBridge.framework in Frameworks */ = {isa = PBXBuildFile; fileRef = 656C6CA2168A456900ECA482 /* ScriptingBridge.framework */; };
		6577E8B1186099DA0024A59C /* introButtons-prev-HL.png in Resources */ = {isa = PBXBuildFile; fileRef = 6577E8AF186099DA0024A59C /* introButtons-prev-HL.png */; };
		6577E8B2186099DA0024A59C /* introButtons-prev-HL@2x.png in Resources */ = {isa = PBXBuildFile; fileRef = 6577E8B0186099DA0024A59C /* introButtons-prev-HL@2x.png */; };
		658B93C7185E48B2007BEBEF /* IntroWindowController.m in Sources */ = {isa = PBXBuildFile; fileRef = 658B93C6185E48B2007BEBEF /* IntroWindowController.m */; };
		658B93C8185E6A51007BEBEF /* iTunes-screenshot.png in Resources */ = {isa = PBXBuildFile; fileRef = 65B85973185E389400D8C851 /* iTunes-screenshot.png */; };
		6597CCE71698BA05005F54C1 /* Sparkle.framework in Frameworks */ = {isa = PBXBuildFile; fileRef = 6597CCE61698BA05005F54C1 /* Sparkle.framework */; };
		6597CCE81698BA0C005F54C1 /* Sparkle.framework in CopyFiles */ = {isa = PBXBuildFile; fileRef = 6597CCE61698BA05005F54C1 /* Sparkle.framework */; settings = {ATTRIBUTES = (CodeSignOnCopy, ); }; };
		659CCFDE185CAAA7006958AD /* appicon.icns in Resources */ = {isa = PBXBuildFile; fileRef = 659CCFDD185CAAA7006958AD /* appicon.icns */; };
		659CCFF2185CBF04006958AD /* volume-off.png in Resources */ = {isa = PBXBuildFile; fileRef = 6563BFD61692EAB500C1271D /* volume-off.png */; };
		659CCFF3185CBF04006958AD /* volume-off@2x.png in Resources */ = {isa = PBXBuildFile; fileRef = 659CCFE7185CAD9D006958AD /* volume-off@2x.png */; };
		659CCFF4185CBF0F006958AD /* volume.png in Resources */ = {isa = PBXBuildFile; fileRef = 657F9C4E168F349100818384 /* volume.png */; };
		659CCFF5185CBF0F006958AD /* volume@2x.png in Resources */ = {isa = PBXBuildFile; fileRef = 659CCFE6185CAC93006958AD /* volume@2x.png */; };
		65C24C01168CBC7E0000BFC2 /* Credits.rtf in Resources */ = {isa = PBXBuildFile; fileRef = 65C24C00168CBC7E0000BFC2 /* Credits.rtf */; };
		65C24C67168CEB130000BFC2 /* AppleRemote.m in Sources */ = {isa = PBXBuildFile; fileRef = 65C24C65168CEB130000BFC2 /* AppleRemote.m */; };
		65C8FB6E1A4754340023CE24 /* MainMenu.xib in Resources */ = {isa = PBXBuildFile; fileRef = 65C8FB6D1A4754340023CE24 /* MainMenu.xib */; };
		65CC33B81698B3CC0049AF82 /* IOKit.framework in Frameworks */ = {isa = PBXBuildFile; fileRef = 65C24C6B168CEB9D0000BFC2 /* IOKit.framework */; };
		65CC33BA1698B3D60049AF82 /* QuartzCore.framework in Frameworks */ = {isa = PBXBuildFile; fileRef = 651A7EF1168F226300A76288 /* QuartzCore.framework */; };
		65CC33BC1698B3E20049AF82 /* Cocoa.framework in Frameworks */ = {isa = PBXBuildFile; fileRef = 656C6C6B168A2A0B00ECA482 /* Cocoa.framework */; };
		65E2AE891A044F6C00FD15A1 /* statusbar-item-black.png in Resources */ = {isa = PBXBuildFile; fileRef = 65E2AE811A044F6C00FD15A1 /* statusbar-item-black.png */; };
		65E2AE8A1A044F6C00FD15A1 /* statusbar-item-black@2x.png in Resources */ = {isa = PBXBuildFile; fileRef = 65E2AE821A044F6C00FD15A1 /* statusbar-item-black@2x.png */; };
		65E2AE8B1A044F6C00FD15A1 /* statusbar-item-blue.png in Resources */ = {isa = PBXBuildFile; fileRef = 65E2AE831A044F6C00FD15A1 /* statusbar-item-blue.png */; };
		65E2AE8C1A044F6C00FD15A1 /* statusbar-item-blue@2x.png in Resources */ = {isa = PBXBuildFile; fileRef = 65E2AE841A044F6C00FD15A1 /* statusbar-item-blue@2x.png */; };
		65E2AE8D1A044F6C00FD15A1 /* statusbar-item-gray.png in Resources */ = {isa = PBXBuildFile; fileRef = 65E2AE851A044F6C00FD15A1 /* statusbar-item-gray.png */; };
		65E2AE8E1A044F6C00FD15A1 /* statusbar-item-gray@2x.png in Resources */ = {isa = PBXBuildFile; fileRef = 65E2AE861A044F6C00FD15A1 /* statusbar-item-gray@2x.png */; };
		65E2AE8F1A044F6C00FD15A1 /* statusbar-item-white.png in Resources */ = {isa = PBXBuildFile; fileRef = 65E2AE871A044F6C00FD15A1 /* statusbar-item-white.png */; };
		65E2AE901A044F6C00FD15A1 /* statusbar-item-white@2x.png in Resources */ = {isa = PBXBuildFile; fileRef = 65E2AE881A044F6C00FD15A1 /* statusbar-item-white@2x.png */; };
		65FCC05618607F2100193725 /* iTunes-arrow-1.png in Resources */ = {isa = PBXBuildFile; fileRef = 65FCC05218607F2100193725 /* iTunes-arrow-1.png */; };
		65FCC05718607F2100193725 /* iTunes-arrow-1@2x.png in Resources */ = {isa = PBXBuildFile; fileRef = 65FCC05318607F2100193725 /* iTunes-arrow-1@2x.png */; };
		65FCC05818607F2100193725 /* iTunes-arrow-2.png in Resources */ = {isa = PBXBuildFile; fileRef = 65FCC05418607F2100193725 /* iTunes-arrow-2.png */; };
		65FCC05918607F2100193725 /* iTunes-arrow-2@2x.png in Resources */ = {isa = PBXBuildFile; fileRef = 65FCC05518607F2100193725 /* iTunes-arrow-2@2x.png */; };
		E2F254C6179EA2B600DD3C66 /* StatusItemView.m in Sources */ = {isa = PBXBuildFile; fileRef = E2F254C5179EA2B600DD3C66 /* StatusItemView.m */; };
/* End PBXBuildFile section */

/* Begin PBXCopyFilesBuildPhase section */
		6597CCE21698B90D005F54C1 /* CopyFiles */ = {
			isa = PBXCopyFilesBuildPhase;
			buildActionMask = 2147483647;
			dstPath = "";
			dstSubfolderSpec = 10;
			files = (
				6597CCE81698BA0C005F54C1 /* Sparkle.framework in CopyFiles */,
			);
			runOnlyForDeploymentPostprocessing = 0;
		};
/* End PBXCopyFilesBuildPhase section */

/* Begin PBXFileReference section */
		65133B691860ECE30040A373 /* introButtons-close-HL.png */ = {isa = PBXFileReference; lastKnownFileType = image.png; name = "introButtons-close-HL.png"; path = "iTunes Volume Control/Images/introButtons-close-HL.png"; sourceTree = "<group>"; };
		65133B6A1860ECE30040A373 /* introButtons-close-HL@2x.png */ = {isa = PBXFileReference; lastKnownFileType = image.png; name = "introButtons-close-HL@2x.png"; path = "iTunes Volume Control/Images/introButtons-close-HL@2x.png"; sourceTree = "<group>"; };
		65133B6B1860ECE30040A373 /* introButtons-close.png */ = {isa = PBXFileReference; lastKnownFileType = image.png; name = "introButtons-close.png"; path = "iTunes Volume Control/Images/introButtons-close.png"; sourceTree = "<group>"; };
		65133B6C1860ECE30040A373 /* introButtons-close@2x.png */ = {isa = PBXFileReference; lastKnownFileType = image.png; name = "introButtons-close@2x.png"; path = "iTunes Volume Control/Images/introButtons-close@2x.png"; sourceTree = "<group>"; };
		65133B711860F0750040A373 /* keyboard.png */ = {isa = PBXFileReference; lastKnownFileType = image.png; name = keyboard.png; path = "iTunes Volume Control/Images/keyboard.png"; sourceTree = "<group>"; };
		65133B721860F0750040A373 /* keyboard@2x.png */ = {isa = PBXFileReference; lastKnownFileType = image.png; name = "keyboard@2x.png"; path = "iTunes Volume Control/Images/keyboard@2x.png"; sourceTree = "<group>"; };
		651A7EED168F1F4C00A76288 /* VolumeWindow.m */ = {isa = PBXFileReference; fileEncoding = 4; lastKnownFileType = sourcecode.c.objc; name = VolumeWindow.m; path = "iTunes Volume Control/VolumeWindow.m"; sourceTree = "<group>"; };
		651A7EEE168F1F4C00A76288 /* VolumeWindow.h */ = {isa = PBXFileReference; fileEncoding = 4; lastKnownFileType = sourcecode.c.h; name = VolumeWindow.h; path = "iTunes Volume Control/VolumeWindow.h"; sourceTree = "<group>"; };
		651A7EF1168F226300A76288 /* QuartzCore.framework */ = {isa = PBXFileReference; lastKnownFileType = wrapper.framework; name = QuartzCore.framework; path = ../../../../../System/Library/Frameworks/QuartzCore.framework; sourceTree = "<group>"; };
		652DE4CF1861A5E100289C67 /* statusbar-screenshot.png */ = {isa = PBXFileReference; lastKnownFileType = image.png; name = "statusbar-screenshot.png"; path = "iTunes Volume Control/Images/statusbar-screenshot.png"; sourceTree = "<group>"; };
		652EC9251860CEF100D413E7 /* keyboard.psd */ = {isa = PBXFileReference; lastKnownFileType = file; name = keyboard.psd; path = "iTunes Volume Control/Images/keyboard.psd"; sourceTree = "<group>"; };
		653492751690ACD300B73CA3 /* volume.ai */ = {isa = PBXFileReference; lastKnownFileType = text; name = volume.ai; path = "iTunes Volume Control/Images/volume.ai"; sourceTree = "<group>"; };
		653FDD94185F5F0700F9795D /* iTunes-screenshot.psd */ = {isa = PBXFileReference; lastKnownFileType = file; name = "iTunes-screenshot.psd"; path = "iTunes Volume Control/Images/iTunes-screenshot.psd"; sourceTree = "<group>"; };
		653FDD95185F763200F9795D /* introButtons.ai */ = {isa = PBXFileReference; lastKnownFileType = text; name = introButtons.ai; path = "iTunes Volume Control/Images/introButtons.ai"; sourceTree = "<group>"; };
		653FDD96185F770000F9795D /* introButtons-next.png */ = {isa = PBXFileReference; lastKnownFileType = image.png; name = "introButtons-next.png"; path = "iTunes Volume Control/Images/introButtons-next.png"; sourceTree = "<group>"; };
		653FDD97185F770000F9795D /* introButtons-next@2x.png */ = {isa = PBXFileReference; lastKnownFileType = image.png; name = "introButtons-next@2x.png"; path = "iTunes Volume Control/Images/introButtons-next@2x.png"; sourceTree = "<group>"; };
		653FDD98185F770000F9795D /* introButtons-prev.png */ = {isa = PBXFileReference; lastKnownFileType = image.png; name = "introButtons-prev.png"; path = "iTunes Volume Control/Images/introButtons-prev.png"; sourceTree = "<group>"; };
		653FDD99185F770000F9795D /* introButtons-prev@2x.png */ = {isa = PBXFileReference; lastKnownFileType = image.png; name = "introButtons-prev@2x.png"; path = "iTunes Volume Control/Images/introButtons-prev@2x.png"; sourceTree = "<group>"; };
		653FDD9E185F780000F9795D /* introButtons-next-HL.png */ = {isa = PBXFileReference; lastKnownFileType = image.png; name = "introButtons-next-HL.png"; path = "iTunes Volume Control/Images/introButtons-next-HL.png"; sourceTree = "<group>"; };
		653FDD9F185F780000F9795D /* introButtons-next-HL@2x.png */ = {isa = PBXFileReference; lastKnownFileType = image.png; name = "introButtons-next-HL@2x.png"; path = "iTunes Volume Control/Images/introButtons-next-HL@2x.png"; sourceTree = "<group>"; };
		654DDC61185DD4C00095AA66 /* generate_keys.rb */ = {isa = PBXFileReference; lastKnownFileType = text.script.ruby; path = generate_keys.rb; sourceTree = "<group>"; };
		654DDC62185DD4C00095AA66 /* sign_update.rb */ = {isa = PBXFileReference; lastKnownFileType = text.script.ruby; path = sign_update.rb; sourceTree = "<group>"; };
		654DDC64185DDD510095AA66 /* dsa_pub.pem */ = {isa = PBXFileReference; fileEncoding = 4; lastKnownFileType = text; path = dsa_pub.pem; sourceTree = "<group>"; };
		6563BFD61692EAB500C1271D /* volume-off.png */ = {isa = PBXFileReference; lastKnownFileType = image.png; name = "volume-off.png"; path = "iTunes Volume Control/Images/volume-off.png"; sourceTree = "<group>"; };
		656C6C67168A2A0B00ECA482 /* iTunes Volume Control.app */ = {isa = PBXFileReference; explicitFileType = wrapper.application; includeInIndex = 0; path = "iTunes Volume Control.app"; sourceTree = BUILT_PRODUCTS_DIR; };
		656C6C6B168A2A0B00ECA482 /* Cocoa.framework */ = {isa = PBXFileReference; lastKnownFileType = wrapper.framework; name = Cocoa.framework; path = System/Library/Frameworks/Cocoa.framework; sourceTree = SDKROOT; };
		656C6C73168A2A0B00ECA482 /* iTunes Volume Control-Info.plist */ = {isa = PBXFileReference; lastKnownFileType = text.plist.xml; name = "iTunes Volume Control-Info.plist"; path = "iTunes Volume Control/iTunes Volume Control-Info.plist"; sourceTree = "<group>"; };
		656C6C77168A2A0B00ECA482 /* main.m */ = {isa = PBXFileReference; lastKnownFileType = sourcecode.c.objc; name = main.m; path = "iTunes Volume Control/main.m"; sourceTree = "<group>"; };
		656C6C79168A2A0B00ECA482 /* iTunes Volume Control-Prefix.pch */ = {isa = PBXFileReference; lastKnownFileType = sourcecode.c.h; name = "iTunes Volume Control-Prefix.pch"; path = "iTunes Volume Control/iTunes Volume Control-Prefix.pch"; sourceTree = "<group>"; };
		656C6C7D168A2A0B00ECA482 /* AppDelegate.h */ = {isa = PBXFileReference; lastKnownFileType = sourcecode.c.h; name = AppDelegate.h; path = "iTunes Volume Control/AppDelegate.h"; sourceTree = "<group>"; };
		656C6C7E168A2A0B00ECA482 /* AppDelegate.m */ = {isa = PBXFileReference; lastKnownFileType = sourcecode.c.objc; name = AppDelegate.m; path = "iTunes Volume Control/AppDelegate.m"; sourceTree = "<group>"; };
		656C6CA1168A447000ECA482 /* iTunes.h */ = {isa = PBXFileReference; fileEncoding = 4; lastKnownFileType = sourcecode.c.h; name = iTunes.h; path = "iTunes Volume Control/iTunes.h"; sourceTree = "<group>"; };
		656C6CA2168A456900ECA482 /* ScriptingBridge.framework */ = {isa = PBXFileReference; lastKnownFileType = wrapper.framework; name = ScriptingBridge.framework; path = System/Library/Frameworks/ScriptingBridge.framework; sourceTree = SDKROOT; };
		6577E8AF186099DA0024A59C /* introButtons-prev-HL.png */ = {isa = PBXFileReference; lastKnownFileType = image.png; name = "introButtons-prev-HL.png"; path = "iTunes Volume Control/Images/introButtons-prev-HL.png"; sourceTree = "<group>"; };
		6577E8B0186099DA0024A59C /* introButtons-prev-HL@2x.png */ = {isa = PBXFileReference; lastKnownFileType = image.png; name = "introButtons-prev-HL@2x.png"; path = "iTunes Volume Control/Images/introButtons-prev-HL@2x.png"; sourceTree = "<group>"; };
		657F9C4E168F349100818384 /* volume.png */ = {isa = PBXFileReference; lastKnownFileType = image.png; name = volume.png; path = "iTunes Volume Control/Images/volume.png"; sourceTree = "<group>"; };
		658B93C5185E48B2007BEBEF /* IntroWindowController.h */ = {isa = PBXFileReference; fileEncoding = 4; lastKnownFileType = sourcecode.c.h; name = IntroWindowController.h; path = "iTunes Volume Control/IntroWindowController.h"; sourceTree = "<group>"; };
		658B93C6185E48B2007BEBEF /* IntroWindowController.m */ = {isa = PBXFileReference; fileEncoding = 4; lastKnownFileType = sourcecode.c.objc; name = IntroWindowController.m; path = "iTunes Volume Control/IntroWindowController.m"; sourceTree = "<group>"; };
		6597CCE61698BA05005F54C1 /* Sparkle.framework */ = {isa = PBXFileReference; lastKnownFileType = wrapper.framework; name = Sparkle.framework; path = "iTunes Volume Control/Sparkle.framework"; sourceTree = "<group>"; };
		659CCFDD185CAAA7006958AD /* appicon.icns */ = {isa = PBXFileReference; lastKnownFileType = image.icns; name = appicon.icns; path = "iTunes Volume Control/Images/appicon.icns"; sourceTree = "<group>"; };
		659CCFDF185CAACD006958AD /* icon_16x16.png */ = {isa = PBXFileReference; lastKnownFileType = image.png; name = icon_16x16.png; path = "iTunes Volume Control/Images/appicon.iconset/icon_16x16.png"; sourceTree = "<group>"; };
		659CCFE0185CAACD006958AD /* icon_16x16@2x.png */ = {isa = PBXFileReference; lastKnownFileType = image.png; name = "icon_16x16@2x.png"; path = "iTunes Volume Control/Images/appicon.iconset/icon_16x16@2x.png"; sourceTree = "<group>"; };
		659CCFE1185CAACD006958AD /* icon_32x32.png */ = {isa = PBXFileReference; lastKnownFileType = image.png; name = icon_32x32.png; path = "iTunes Volume Control/Images/appicon.iconset/icon_32x32.png"; sourceTree = "<group>"; };
		659CCFE2185CAACD006958AD /* icon_32x32@2x.png */ = {isa = PBXFileReference; lastKnownFileType = image.png; name = "icon_32x32@2x.png"; path = "iTunes Volume Control/Images/appicon.iconset/icon_32x32@2x.png"; sourceTree = "<group>"; };
		659CCFE3185CAACD006958AD /* icon_128x128.png */ = {isa = PBXFileReference; lastKnownFileType = image.png; name = icon_128x128.png; path = "iTunes Volume Control/Images/appicon.iconset/icon_128x128.png"; sourceTree = "<group>"; };
		659CCFE6185CAC93006958AD /* volume@2x.png */ = {isa = PBXFileReference; lastKnownFileType = image.png; name = "volume@2x.png"; path = "iTunes Volume Control/Images/volume@2x.png"; sourceTree = "<group>"; };
		659CCFE7185CAD9D006958AD /* volume-off@2x.png */ = {isa = PBXFileReference; lastKnownFileType = image.png; name = "volume-off@2x.png"; path = "iTunes Volume Control/Images/volume-off@2x.png"; sourceTree = "<group>"; };
		65B85972185E389400D8C851 /* iTunes-screenshot.ai */ = {isa = PBXFileReference; lastKnownFileType = text; name = "iTunes-screenshot.ai"; path = "iTunes Volume Control/Images/iTunes-screenshot.ai"; sourceTree = "<group>"; };
		65B85973185E389400D8C851 /* iTunes-screenshot.png */ = {isa = PBXFileReference; lastKnownFileType = image.png; name = "iTunes-screenshot.png"; path = "iTunes Volume Control/Images/iTunes-screenshot.png"; sourceTree = "<group>"; };
		65C24C00168CBC7E0000BFC2 /* Credits.rtf */ = {isa = PBXFileReference; fileEncoding = 4; lastKnownFileType = text.rtf; name = Credits.rtf; path = "iTunes Volume Control/Credits.rtf"; sourceTree = "<group>"; };
		65C24C64168CEB130000BFC2 /* AppleRemote.h */ = {isa = PBXFileReference; fileEncoding = 4; lastKnownFileType = sourcecode.c.h; path = AppleRemote.h; sourceTree = "<group>"; };
		65C24C65168CEB130000BFC2 /* AppleRemote.m */ = {isa = PBXFileReference; fileEncoding = 4; lastKnownFileType = sourcecode.c.objc; path = AppleRemote.m; sourceTree = "<group>"; };
		65C24C66168CEB130000BFC2 /* CompatibilityFixes.h */ = {isa = PBXFileReference; fileEncoding = 4; lastKnownFileType = sourcecode.c.h; path = CompatibilityFixes.h; sourceTree = "<group>"; };
		65C24C6B168CEB9D0000BFC2 /* IOKit.framework */ = {isa = PBXFileReference; lastKnownFileType = wrapper.framework; name = IOKit.framework; path = System/Library/Frameworks/IOKit.framework; sourceTree = SDKROOT; };
		65C8FB6D1A4754340023CE24 /* MainMenu.xib */ = {isa = PBXFileReference; fileEncoding = 4; lastKnownFileType = file.xib; path = MainMenu.xib; sourceTree = "<group>"; };
		65CC785D1692FC1300BFD4AD /* statusbar-item.ai */ = {isa = PBXFileReference; lastKnownFileType = text; name = "statusbar-item.ai"; path = "iTunes Volume Control/Images/statusbar-item.ai"; sourceTree = "<group>"; };
		65CC786A169305C700BFD4AD /* README.md */ = {isa = PBXFileReference; lastKnownFileType = text; path = README.md; sourceTree = "<group>"; };
		65E2AE811A044F6C00FD15A1 /* statusbar-item-black.png */ = {isa = PBXFileReference; lastKnownFileType = image.png; name = "statusbar-item-black.png"; path = "iTunes Volume Control/Images/statusbar-item-black.png"; sourceTree = "<group>"; };
		65E2AE821A044F6C00FD15A1 /* statusbar-item-black@2x.png */ = {isa = PBXFileReference; lastKnownFileType = image.png; name = "statusbar-item-black@2x.png"; path = "iTunes Volume Control/Images/statusbar-item-black@2x.png"; sourceTree = "<group>"; };
		65E2AE831A044F6C00FD15A1 /* statusbar-item-blue.png */ = {isa = PBXFileReference; lastKnownFileType = image.png; name = "statusbar-item-blue.png"; path = "iTunes Volume Control/Images/statusbar-item-blue.png"; sourceTree = "<group>"; };
		65E2AE841A044F6C00FD15A1 /* statusbar-item-blue@2x.png */ = {isa = PBXFileReference; lastKnownFileType = image.png; name = "statusbar-item-blue@2x.png"; path = "iTunes Volume Control/Images/statusbar-item-blue@2x.png"; sourceTree = "<group>"; };
		65E2AE851A044F6C00FD15A1 /* statusbar-item-gray.png */ = {isa = PBXFileReference; lastKnownFileType = image.png; name = "statusbar-item-gray.png"; path = "iTunes Volume Control/Images/statusbar-item-gray.png"; sourceTree = "<group>"; };
		65E2AE861A044F6C00FD15A1 /* statusbar-item-gray@2x.png */ = {isa = PBXFileReference; lastKnownFileType = image.png; name = "statusbar-item-gray@2x.png"; path = "iTunes Volume Control/Images/statusbar-item-gray@2x.png"; sourceTree = "<group>"; };
		65E2AE871A044F6C00FD15A1 /* statusbar-item-white.png */ = {isa = PBXFileReference; lastKnownFileType = image.png; name = "statusbar-item-white.png"; path = "iTunes Volume Control/Images/statusbar-item-white.png"; sourceTree = "<group>"; };
		65E2AE881A044F6C00FD15A1 /* statusbar-item-white@2x.png */ = {isa = PBXFileReference; lastKnownFileType = image.png; name = "statusbar-item-white@2x.png"; path = "iTunes Volume Control/Images/statusbar-item-white@2x.png"; sourceTree = "<group>"; };
		65FCC05218607F2100193725 /* iTunes-arrow-1.png */ = {isa = PBXFileReference; lastKnownFileType = image.png; name = "iTunes-arrow-1.png"; path = "iTunes Volume Control/Images/iTunes-arrow-1.png"; sourceTree = "<group>"; };
		65FCC05318607F2100193725 /* iTunes-arrow-1@2x.png */ = {isa = PBXFileReference; lastKnownFileType = image.png; name = "iTunes-arrow-1@2x.png"; path = "iTunes Volume Control/Images/iTunes-arrow-1@2x.png"; sourceTree = "<group>"; };
		65FCC05418607F2100193725 /* iTunes-arrow-2.png */ = {isa = PBXFileReference; lastKnownFileType = image.png; name = "iTunes-arrow-2.png"; path = "iTunes Volume Control/Images/iTunes-arrow-2.png"; sourceTree = "<group>"; };
		65FCC05518607F2100193725 /* iTunes-arrow-2@2x.png */ = {isa = PBXFileReference; lastKnownFileType = image.png; name = "iTunes-arrow-2@2x.png"; path = "iTunes Volume Control/Images/iTunes-arrow-2@2x.png"; sourceTree = "<group>"; };
		E2F254C4179EA2B600DD3C66 /* StatusItemView.h */ = {isa = PBXFileReference; fileEncoding = 4; lastKnownFileType = sourcecode.c.h; name = StatusItemView.h; path = "iTunes Volume Control/StatusItemView.h"; sourceTree = "<group>"; };
		E2F254C5179EA2B600DD3C66 /* StatusItemView.m */ = {isa = PBXFileReference; fileEncoding = 4; lastKnownFileType = sourcecode.c.objc; name = StatusItemView.m; path = "iTunes Volume Control/StatusItemView.m"; sourceTree = "<group>"; };
/* End PBXFileReference section */

/* Begin PBXFrameworksBuildPhase section */
		656C6C64168A2A0B00ECA482 /* Frameworks */ = {
			isa = PBXFrameworksBuildPhase;
			buildActionMask = 2147483647;
			files = (
				656C6CA3168A456900ECA482 /* ScriptingBridge.framework in Frameworks */,
				65CC33B81698B3CC0049AF82 /* IOKit.framework in Frameworks */,
				65CC33BA1698B3D60049AF82 /* QuartzCore.framework in Frameworks */,
				65CC33BC1698B3E20049AF82 /* Cocoa.framework in Frameworks */,
				6597CCE71698BA05005F54C1 /* Sparkle.framework in Frameworks */,
			);
			runOnlyForDeploymentPostprocessing = 0;
		};
/* End PBXFrameworksBuildPhase section */

/* Begin PBXGroup section */
		652D1142187AF05200C8BD88 /* Sources */ = {
			isa = PBXGroup;
			children = (
				652D1143187AF05900C8BD88 /* Controllers */,
				652D1144187AF06E00C8BD88 /* Views */,
				652D1145187AF07E00C8BD88 /* Supporting files */,
			);
			name = Sources;
			sourceTree = "<group>";
		};
		652D1143187AF05900C8BD88 /* Controllers */ = {
			isa = PBXGroup;
			children = (
				651A7EED168F1F4C00A76288 /* VolumeWindow.m */,
				656C6C7D168A2A0B00ECA482 /* AppDelegate.h */,
				656C6C7E168A2A0B00ECA482 /* AppDelegate.m */,
				658B93C5185E48B2007BEBEF /* IntroWindowController.h */,
				658B93C6185E48B2007BEBEF /* IntroWindowController.m */,
			);
			name = Controllers;
			sourceTree = "<group>";
		};
		652D1144187AF06E00C8BD88 /* Views */ = {
			isa = PBXGroup;
			children = (
				651A7EEE168F1F4C00A76288 /* VolumeWindow.h */,
				E2F254C4179EA2B600DD3C66 /* StatusItemView.h */,
				E2F254C5179EA2B600DD3C66 /* StatusItemView.m */,
			);
			name = Views;
			sourceTree = "<group>";
		};
		652D1145187AF07E00C8BD88 /* Supporting files */ = {
			isa = PBXGroup;
			children = (
				656C6CA1168A447000ECA482 /* iTunes.h */,
				656C6C77168A2A0B00ECA482 /* main.m */,
				656C6C79168A2A0B00ECA482 /* iTunes Volume Control-Prefix.pch */,
				65C24C68168CEB190000BFC2 /* AppleRemote */,
			);
			name = "Supporting files";
			sourceTree = "<group>";
		};
		652D1146187AF12200C8BD88 /* User interface */ = {
			isa = PBXGroup;
			children = (
				65C24BEB168CA8B50000BFC2 /* Images */,
				652D1147187AF12A00C8BD88 /* XIBs */,
			);
			name = "User interface";
			sourceTree = "<group>";
		};
		652D1147187AF12A00C8BD88 /* XIBs */ = {
			isa = PBXGroup;
			children = (
				65C8FB6D1A4754340023CE24 /* MainMenu.xib */,
			);
			name = XIBs;
			sourceTree = "<group>";
		};
		654DDC63185DD4C70095AA66 /* Signing tools */ = {
			isa = PBXGroup;
			children = (
				654DDC61185DD4C00095AA66 /* generate_keys.rb */,
				654DDC62185DD4C00095AA66 /* sign_update.rb */,
			);
			name = "Signing tools";
			sourceTree = "<group>";
		};
		656C6C5C168A2A0B00ECA482 = {
			isa = PBXGroup;
			children = (
				652D1146187AF12200C8BD88 /* User interface */,
				652D1142187AF05200C8BD88 /* Sources */,
				65C24BEA168CA8B10000BFC2 /* Resources */,
				656C6C6A168A2A0B00ECA482 /* Frameworks */,
				656C6C68168A2A0B00ECA482 /* Products */,
				656C6C73168A2A0B00ECA482 /* iTunes Volume Control-Info.plist */,
			);
			sourceTree = "<group>";
		};
		656C6C68168A2A0B00ECA482 /* Products */ = {
			isa = PBXGroup;
			children = (
				656C6C67168A2A0B00ECA482 /* iTunes Volume Control.app */,
			);
			name = Products;
			sourceTree = "<group>";
		};
		656C6C6A168A2A0B00ECA482 /* Frameworks */ = {
			isa = PBXGroup;
			children = (
				6597CCE61698BA05005F54C1 /* Sparkle.framework */,
				651A7EF1168F226300A76288 /* QuartzCore.framework */,
				65C24C6B168CEB9D0000BFC2 /* IOKit.framework */,
				656C6CA2168A456900ECA482 /* ScriptingBridge.framework */,
				656C6C6B168A2A0B00ECA482 /* Cocoa.framework */,
			);
			name = Frameworks;
			sourceTree = "<group>";
		};
		659CCFE4185CAAD2006958AD /* appicon */ = {
			isa = PBXGroup;
			children = (
				659CCFDF185CAACD006958AD /* icon_16x16.png */,
				659CCFE0185CAACD006958AD /* icon_16x16@2x.png */,
				659CCFE1185CAACD006958AD /* icon_32x32.png */,
				659CCFE2185CAACD006958AD /* icon_32x32@2x.png */,
				659CCFE3185CAACD006958AD /* icon_128x128.png */,
			);
			name = appicon;
			sourceTree = "<group>";
		};
		65B85970185E2C1700D8C851 /* Intro window */ = {
			isa = PBXGroup;
			children = (
				652DE4CF1861A5E100289C67 /* statusbar-screenshot.png */,
				65133B711860F0750040A373 /* keyboard.png */,
				65133B721860F0750040A373 /* keyboard@2x.png */,
				652EC9251860CEF100D413E7 /* keyboard.psd */,
				65FCC05218607F2100193725 /* iTunes-arrow-1.png */,
				65FCC05318607F2100193725 /* iTunes-arrow-1@2x.png */,
				65FCC05418607F2100193725 /* iTunes-arrow-2.png */,
				65FCC05518607F2100193725 /* iTunes-arrow-2@2x.png */,
				65133B691860ECE30040A373 /* introButtons-close-HL.png */,
				65133B6A1860ECE30040A373 /* introButtons-close-HL@2x.png */,
				65133B6B1860ECE30040A373 /* introButtons-close.png */,
				65133B6C1860ECE30040A373 /* introButtons-close@2x.png */,
				653FDD9E185F780000F9795D /* introButtons-next-HL.png */,
				653FDD9F185F780000F9795D /* introButtons-next-HL@2x.png */,
				653FDD96185F770000F9795D /* introButtons-next.png */,
				653FDD97185F770000F9795D /* introButtons-next@2x.png */,
				6577E8AF186099DA0024A59C /* introButtons-prev-HL.png */,
				6577E8B0186099DA0024A59C /* introButtons-prev-HL@2x.png */,
				653FDD98185F770000F9795D /* introButtons-prev.png */,
				653FDD99185F770000F9795D /* introButtons-prev@2x.png */,
				653FDD95185F763200F9795D /* introButtons.ai */,
				653FDD94185F5F0700F9795D /* iTunes-screenshot.psd */,
				65B85972185E389400D8C851 /* iTunes-screenshot.ai */,
				65B85973185E389400D8C851 /* iTunes-screenshot.png */,
			);
			name = "Intro window";
			sourceTree = "<group>";
		};
		65C24BEA168CA8B10000BFC2 /* Resources */ = {
			isa = PBXGroup;
			children = (
				654DDC63185DD4C70095AA66 /* Signing tools */,
				654DDC64185DDD510095AA66 /* dsa_pub.pem */,
				65CC786A169305C700BFD4AD /* README.md */,
				65C24C00168CBC7E0000BFC2 /* Credits.rtf */,
			);
			name = Resources;
			sourceTree = "<group>";
		};
		65C24BEB168CA8B50000BFC2 /* Images */ = {
			isa = PBXGroup;
			children = (
				65B85970185E2C1700D8C851 /* Intro window */,
				659CCFE4185CAAD2006958AD /* appicon */,
				65E2AE811A044F6C00FD15A1 /* statusbar-item-black.png */,
				65E2AE821A044F6C00FD15A1 /* statusbar-item-black@2x.png */,
				65E2AE831A044F6C00FD15A1 /* statusbar-item-blue.png */,
				65E2AE841A044F6C00FD15A1 /* statusbar-item-blue@2x.png */,
				65E2AE851A044F6C00FD15A1 /* statusbar-item-gray.png */,
				65E2AE861A044F6C00FD15A1 /* statusbar-item-gray@2x.png */,
				65E2AE871A044F6C00FD15A1 /* statusbar-item-white.png */,
				65E2AE881A044F6C00FD15A1 /* statusbar-item-white@2x.png */,
				659CCFDD185CAAA7006958AD /* appicon.icns */,
				65CC785D1692FC1300BFD4AD /* statusbar-item.ai */,
				6563BFD61692EAB500C1271D /* volume-off.png */,
				659CCFE7185CAD9D006958AD /* volume-off@2x.png */,
				653492751690ACD300B73CA3 /* volume.ai */,
				657F9C4E168F349100818384 /* volume.png */,
				659CCFE6185CAC93006958AD /* volume@2x.png */,
			);
			name = Images;
			sourceTree = "<group>";
		};
		65C24C68168CEB190000BFC2 /* AppleRemote */ = {
			isa = PBXGroup;
			children = (
				65C24C64168CEB130000BFC2 /* AppleRemote.h */,
				65C24C65168CEB130000BFC2 /* AppleRemote.m */,
				65C24C66168CEB130000BFC2 /* CompatibilityFixes.h */,
			);
			name = AppleRemote;
			path = "iTunes Volume Control";
			sourceTree = "<group>";
		};
/* End PBXGroup section */

/* Begin PBXNativeTarget section */
		656C6C66168A2A0B00ECA482 /* iTunes Volume Control */ = {
			isa = PBXNativeTarget;
			buildConfigurationList = 656C6C99168A2A0C00ECA482 /* Build configuration list for PBXNativeTarget "iTunes Volume Control" */;
			buildPhases = (
				656C6C63168A2A0B00ECA482 /* Sources */,
				656C6C64168A2A0B00ECA482 /* Frameworks */,
				656C6C65168A2A0B00ECA482 /* Resources */,
				6597CCE21698B90D005F54C1 /* CopyFiles */,
				6555F70416996E5800AC5A0B /* CFBundleVersion Update Script */,
			);
			buildRules = (
			);
			dependencies = (
			);
			name = "iTunes Volume Control";
			productName = "iTunes Volume Control";
			productReference = 656C6C67168A2A0B00ECA482 /* iTunes Volume Control.app */;
			productType = "com.apple.product-type.application";
		};
/* End PBXNativeTarget section */

/* Begin PBXProject section */
		656C6C5E168A2A0B00ECA482 /* Project object */ = {
			isa = PBXProject;
			attributes = {
				LastUpgradeCheck = 0610;
				ORGANIZATIONNAME = "Andrea Alberti";
			};
			buildConfigurationList = 656C6C61168A2A0B00ECA482 /* Build configuration list for PBXProject "iTunes Volume Control" */;
			compatibilityVersion = "Xcode 3.2";
			developmentRegion = English;
			hasScannedForEncodings = 0;
			knownRegions = (
				en,
			);
			mainGroup = 656C6C5C168A2A0B00ECA482;
			productRefGroup = 656C6C68168A2A0B00ECA482 /* Products */;
			projectDirPath = "";
			projectRoot = "";
			targets = (
				656C6C66168A2A0B00ECA482 /* iTunes Volume Control */,
			);
		};
/* End PBXProject section */

/* Begin PBXResourcesBuildPhase section */
		656C6C65168A2A0B00ECA482 /* Resources */ = {
			isa = PBXResourcesBuildPhase;
			buildActionMask = 2147483647;
			files = (
				65E2AE8E1A044F6C00FD15A1 /* statusbar-item-gray@2x.png in Resources */,
				65FCC05718607F2100193725 /* iTunes-arrow-1@2x.png in Resources */,
				659CCFF5185CBF0F006958AD /* volume@2x.png in Resources */,
				65FCC05818607F2100193725 /* iTunes-arrow-2.png in Resources */,
				65133B701860ECE30040A373 /* introButtons-close@2x.png in Resources */,
				653FDD9C185F770000F9795D /* introButtons-prev.png in Resources */,
				658B93C8185E6A51007BEBEF /* iTunes-screenshot.png in Resources */,
				65133B6F1860ECE30040A373 /* introButtons-close.png in Resources */,
				65E2AE8C1A044F6C00FD15A1 /* statusbar-item-blue@2x.png in Resources */,
				653FDD9B185F770000F9795D /* introButtons-next@2x.png in Resources */,
				65FCC05618607F2100193725 /* iTunes-arrow-1.png in Resources */,
				653FDD9D185F770000F9795D /* introButtons-prev@2x.png in Resources */,
				659CCFF3185CBF04006958AD /* volume-off@2x.png in Resources */,
				65E2AE8F1A044F6C00FD15A1 /* statusbar-item-white.png in Resources */,
				659CCFDE185CAAA7006958AD /* appicon.icns in Resources */,
				654DDC65185DDD510095AA66 /* dsa_pub.pem in Resources */,
				659CCFF4185CBF0F006958AD /* volume.png in Resources */,
				65133B731860F0750040A373 /* keyboard.png in Resources */,
				65E2AE8B1A044F6C00FD15A1 /* statusbar-item-blue.png in Resources */,
				659CCFF2185CBF04006958AD /* volume-off.png in Resources */,
				65E2AE8A1A044F6C00FD15A1 /* statusbar-item-black@2x.png in Resources */,
				65C24C01168CBC7E0000BFC2 /* Credits.rtf in Resources */,
				65FCC05918607F2100193725 /* iTunes-arrow-2@2x.png in Resources */,
				65E2AE8D1A044F6C00FD15A1 /* statusbar-item-gray.png in Resources */,
				65133B6E1860ECE30040A373 /* introButtons-close-HL@2x.png in Resources */,
				653FDDA1185F780000F9795D /* introButtons-next-HL@2x.png in Resources */,
				65133B6D1860ECE30040A373 /* introButtons-close-HL.png in Resources */,
				65E2AE891A044F6C00FD15A1 /* statusbar-item-black.png in Resources */,
				653FDD9A185F770000F9795D /* introButtons-next.png in Resources */,
				65133B741860F0750040A373 /* keyboard@2x.png in Resources */,
				6577E8B2186099DA0024A59C /* introButtons-prev-HL@2x.png in Resources */,
				65E2AE901A044F6C00FD15A1 /* statusbar-item-white@2x.png in Resources */,
				653FDDA0185F780000F9795D /* introButtons-next-HL.png in Resources */,
				6577E8B1186099DA0024A59C /* introButtons-prev-HL.png in Resources */,
				65C8FB6E1A4754340023CE24 /* MainMenu.xib in Resources */,
			);
			runOnlyForDeploymentPostprocessing = 0;
		};
/* End PBXResourcesBuildPhase section */

/* Begin PBXShellScriptBuildPhase section */
		6555F70416996E5800AC5A0B /* CFBundleVersion Update Script */ = {
			isa = PBXShellScriptBuildPhase;
			buildActionMask = 2147483647;
			files = (
			);
			inputPaths = (
			);
			name = "CFBundleVersion Update Script";
			outputPaths = (
			);
			runOnlyForDeploymentPostprocessing = 0;
			shellPath = /bin/sh;
			shellScript = "echo \"Updating version/build number from git...\"\n\nversionnum=`git for-each-ref --format='%(*committerdate:raw)%(committerdate:raw) %(refname) %(*objectname) %(objectname)' refs/tags | sort -n | awk '{ print $3; }' | tail -n1 | sed 's/refs\\/tags\\/v\\(.*\\)/\\1/'`\nbuildnum=`git rev-list HEAD | awk 'END{print NR}'`\nplist=\"${TARGET_BUILD_DIR}/${INFOPLIST_PATH}\"\n\n# versionnum='1.4.8'\n\n/usr/libexec/PlistBuddy -c \"Set :CFBundleVersion ${versionnum}.$buildnum\" \"${plist}\"\n/usr/libexec/PlistBuddy -c \"Set :CFBundleShortVersionString ${versionnum}\" \"${plist}\"";
		};
/* End PBXShellScriptBuildPhase section */

/* Begin PBXSourcesBuildPhase section */
		656C6C63168A2A0B00ECA482 /* Sources */ = {
			isa = PBXSourcesBuildPhase;
			buildActionMask = 2147483647;
			files = (
				658B93C7185E48B2007BEBEF /* IntroWindowController.m in Sources */,
				656C6C78168A2A0B00ECA482 /* main.m in Sources */,
				656C6C7F168A2A0B00ECA482 /* AppDelegate.m in Sources */,
				65C24C67168CEB130000BFC2 /* AppleRemote.m in Sources */,
				651A7EEF168F1F4C00A76288 /* VolumeWindow.m in Sources */,
				E2F254C6179EA2B600DD3C66 /* StatusItemView.m in Sources */,
			);
			runOnlyForDeploymentPostprocessing = 0;
		};
/* End PBXSourcesBuildPhase section */

/* Begin XCBuildConfiguration section */
		656C6C97168A2A0C00ECA482 /* Debug */ = {
			isa = XCBuildConfiguration;
			buildSettings = {
				ALWAYS_SEARCH_USER_PATHS = NO;
				CLANG_CXX_LANGUAGE_STANDARD = "gnu++0x";
				CLANG_CXX_LIBRARY = "libc++";
				CLANG_ENABLE_OBJC_ARC = YES;
				CLANG_WARN_EMPTY_BODY = YES;
				CLANG_WARN__DUPLICATE_METHOD_MATCH = YES;
				COPY_PHASE_STRIP = NO;
				GCC_C_LANGUAGE_STANDARD = gnu99;
				GCC_DYNAMIC_NO_PIC = NO;
				GCC_ENABLE_OBJC_EXCEPTIONS = YES;
				GCC_OPTIMIZATION_LEVEL = 0;
				GCC_PREPROCESSOR_DEFINITIONS = (
					"DEBUG=1",
					"$(inherited)",
				);
				GCC_SYMBOLS_PRIVATE_EXTERN = NO;
				GCC_WARN_64_TO_32_BIT_CONVERSION = YES;
				GCC_WARN_ABOUT_RETURN_TYPE = YES;
				GCC_WARN_UNINITIALIZED_AUTOS = YES;
				GCC_WARN_UNUSED_VARIABLE = YES;
				MACOSX_DEPLOYMENT_TARGET = "";
				ONLY_ACTIVE_ARCH = YES;
				SDKROOT = "";
				VALID_ARCHS = x86_64;
			};
			name = Debug;
		};
		656C6C98168A2A0C00ECA482 /* Release */ = {
			isa = XCBuildConfiguration;
			buildSettings = {
				ALWAYS_SEARCH_USER_PATHS = NO;
				CLANG_CXX_LANGUAGE_STANDARD = "gnu++0x";
				CLANG_CXX_LIBRARY = "libc++";
				CLANG_ENABLE_OBJC_ARC = YES;
				CLANG_WARN_EMPTY_BODY = YES;
				CLANG_WARN__DUPLICATE_METHOD_MATCH = YES;
				COPY_PHASE_STRIP = YES;
				DEBUG_INFORMATION_FORMAT = "dwarf-with-dsym";
				GCC_C_LANGUAGE_STANDARD = gnu99;
				GCC_ENABLE_OBJC_EXCEPTIONS = YES;
				GCC_WARN_64_TO_32_BIT_CONVERSION = YES;
				GCC_WARN_ABOUT_RETURN_TYPE = YES;
				GCC_WARN_UNINITIALIZED_AUTOS = YES;
				GCC_WARN_UNUSED_VARIABLE = YES;
				MACOSX_DEPLOYMENT_TARGET = "";
				SDKROOT = "";
				VALID_ARCHS = x86_64;
			};
			name = Release;
		};
		656C6C9A168A2A0C00ECA482 /* Debug */ = {
			isa = XCBuildConfiguration;
			buildSettings = {
				ARCHS = "$(ARCHS_STANDARD_32_64_BIT)";
				CODE_SIGN_IDENTITY = "";
				COMBINE_HIDPI_IMAGES = YES;
				FRAMEWORK_SEARCH_PATHS = (
					"$(inherited)",
					"\"$(SRCROOT)\"",
					"\"$(SRCROOT)/iTunes Volume Control\"",
				);
				GCC_PRECOMPILE_PREFIX_HEADER = YES;
				GCC_PREFIX_HEADER = "iTunes Volume Control/iTunes Volume Control-Prefix.pch";
				INFOPLIST_FILE = "iTunes Volume Control/iTunes Volume Control-Info.plist";
				MACOSX_DEPLOYMENT_TARGET = "";
				ONLY_ACTIVE_ARCH = YES;
				OTHER_CODE_SIGN_FLAGS = "--deep";
				PRODUCT_NAME = "${TARGET_NAME}";
				PROVISIONING_PROFILE = "";
				SDKROOT = "";
				VALID_ARCHS = "x86_64 i386";
				WRAPPER_EXTENSION = app;
			};
			name = Debug;
		};
		656C6C9B168A2A0C00ECA482 /* Release */ = {
			isa = XCBuildConfiguration;
			buildSettings = {
				ARCHS = "$(ARCHS_STANDARD_32_64_BIT)";
				CODE_SIGN_IDENTITY = "";
				COMBINE_HIDPI_IMAGES = YES;
				FRAMEWORK_SEARCH_PATHS = (
					"$(inherited)",
					"\"$(SRCROOT)\"",
					"\"$(SRCROOT)/iTunes Volume Control\"",
				);
				GCC_PRECOMPILE_PREFIX_HEADER = YES;
				GCC_PREFIX_HEADER = "iTunes Volume Control/iTunes Volume Control-Prefix.pch";
				INFOPLIST_FILE = "iTunes Volume Control/iTunes Volume Control-Info.plist";
				MACOSX_DEPLOYMENT_TARGET = "";
				ONLY_ACTIVE_ARCH = YES;
				OTHER_CODE_SIGN_FLAGS = "--deep";
				PRODUCT_NAME = "${TARGET_NAME}";
				PROVISIONING_PROFILE = "";
				SDKROOT = "";
				VALID_ARCHS = "x86_64 i386";
				WRAPPER_EXTENSION = app;
			};
			name = Release;
		};
/* End XCBuildConfiguration section */

/* Begin XCConfigurationList section */
		656C6C61168A2A0B00ECA482 /* Build configuration list for PBXProject "iTunes Volume Control" */ = {
			isa = XCConfigurationList;
			buildConfigurations = (
				656C6C97168A2A0C00ECA482 /* Debug */,
				656C6C98168A2A0C00ECA482 /* Release */,
			);
			defaultConfigurationIsVisible = 0;
			defaultConfigurationName = Release;
		};
		656C6C99168A2A0C00ECA482 /* Build configuration list for PBXNativeTarget "iTunes Volume Control" */ = {
			isa = XCConfigurationList;
			buildConfigurations = (
				656C6C9A168A2A0C00ECA482 /* Debug */,
				656C6C9B168A2A0C00ECA482 /* Release */,
			);
			defaultConfigurationIsVisible = 0;
			defaultConfigurationName = Release;
		};
/* End XCConfigurationList section */
	};
	rootObject = 656C6C5E168A2A0B00ECA482 /* Project object */;
}
