// !$*UTF8*$!
{
	archiveVersion = 1;
	classes = {
	};
	objectVersion = 46;
	objects = {

/* Begin PBXBuildFile section */
		656C6C6C168A2A0B00ECA482 /* Cocoa.framework in Frameworks */ = {isa = PBXBuildFile; fileRef = 656C6C6B168A2A0B00ECA482 /* Cocoa.framework */; };
		656C6C76168A2A0B00ECA482 /* InfoPlist.strings in Resources */ = {isa = PBXBuildFile; fileRef = 656C6C74168A2A0B00ECA482 /* InfoPlist.strings */; };
		656C6C78168A2A0B00ECA482 /* main.m in Sources */ = {isa = PBXBuildFile; fileRef = 656C6C77168A2A0B00ECA482 /* main.m */; };
		656C6C7C168A2A0B00ECA482 /* Credits.rtf in Resources */ = {isa = PBXBuildFile; fileRef = 656C6C7A168A2A0B00ECA482 /* Credits.rtf */; };
		656C6C7F168A2A0B00ECA482 /* AppDelegate.m in Sources */ = {isa = PBXBuildFile; fileRef = 656C6C7E168A2A0B00ECA482 /* AppDelegate.m */; };
		656C6C82168A2A0C00ECA482 /* MainMenu.xib in Resources */ = {isa = PBXBuildFile; fileRef = 656C6C80168A2A0C00ECA482 /* MainMenu.xib */; };
		656C6C8A168A2A0C00ECA482 /* SenTestingKit.framework in Frameworks */ = {isa = PBXBuildFile; fileRef = 656C6C89168A2A0C00ECA482 /* SenTestingKit.framework */; };
		656C6C8B168A2A0C00ECA482 /* Cocoa.framework in Frameworks */ = {isa = PBXBuildFile; fileRef = 656C6C6B168A2A0B00ECA482 /* Cocoa.framework */; };
		656C6C93168A2A0C00ECA482 /* InfoPlist.strings in Resources */ = {isa = PBXBuildFile; fileRef = 656C6C91168A2A0C00ECA482 /* InfoPlist.strings */; };
		656C6C96168A2A0C00ECA482 /* iTunes_Volume_ControlTests.m in Sources */ = {isa = PBXBuildFile; fileRef = 656C6C95168A2A0C00ECA482 /* iTunes_Volume_ControlTests.m */; };
/* End PBXBuildFile section */

/* Begin PBXContainerItemProxy section */
		656C6C8C168A2A0C00ECA482 /* PBXContainerItemProxy */ = {
			isa = PBXContainerItemProxy;
			containerPortal = 656C6C5E168A2A0B00ECA482 /* Project object */;
			proxyType = 1;
			remoteGlobalIDString = 656C6C66168A2A0B00ECA482;
			remoteInfo = "iTunes Volume Control";
		};
/* End PBXContainerItemProxy section */

/* Begin PBXFileReference section */
		656C6C67168A2A0B00ECA482 /* iTunes Volume Control.app */ = {isa = PBXFileReference; explicitFileType = wrapper.application; includeInIndex = 0; path = "iTunes Volume Control.app"; sourceTree = BUILT_PRODUCTS_DIR; };
		656C6C6B168A2A0B00ECA482 /* Cocoa.framework */ = {isa = PBXFileReference; lastKnownFileType = wrapper.framework; name = Cocoa.framework; path = System/Library/Frameworks/Cocoa.framework; sourceTree = SDKROOT; };
		656C6C6E168A2A0B00ECA482 /* AppKit.framework */ = {isa = PBXFileReference; lastKnownFileType = wrapper.framework; name = AppKit.framework; path = System/Library/Frameworks/AppKit.framework; sourceTree = SDKROOT; };
		656C6C6F168A2A0B00ECA482 /* CoreData.framework */ = {isa = PBXFileReference; lastKnownFileType = wrapper.framework; name = CoreData.framework; path = System/Library/Frameworks/CoreData.framework; sourceTree = SDKROOT; };
		656C6C70168A2A0B00ECA482 /* Foundation.framework */ = {isa = PBXFileReference; lastKnownFileType = wrapper.framework; name = Foundation.framework; path = System/Library/Frameworks/Foundation.framework; sourceTree = SDKROOT; };
		656C6C73168A2A0B00ECA482 /* iTunes Volume Control-Info.plist */ = {isa = PBXFileReference; lastKnownFileType = text.plist.xml; path = "iTunes Volume Control-Info.plist"; sourceTree = "<group>"; };
		656C6C75168A2A0B00ECA482 /* en */ = {isa = PBXFileReference; lastKnownFileType = text.plist.strings; name = en; path = en.lproj/InfoPlist.strings; sourceTree = "<group>"; };
		656C6C77168A2A0B00ECA482 /* main.m */ = {isa = PBXFileReference; lastKnownFileType = sourcecode.c.objc; path = main.m; sourceTree = "<group>"; };
		656C6C79168A2A0B00ECA482 /* iTunes Volume Control-Prefix.pch */ = {isa = PBXFileReference; lastKnownFileType = sourcecode.c.h; path = "iTunes Volume Control-Prefix.pch"; sourceTree = "<group>"; };
		656C6C7B168A2A0B00ECA482 /* en */ = {isa = PBXFileReference; lastKnownFileType = text.rtf; name = en; path = en.lproj/Credits.rtf; sourceTree = "<group>"; };
		656C6C7D168A2A0B00ECA482 /* AppDelegate.h */ = {isa = PBXFileReference; lastKnownFileType = sourcecode.c.h; path = AppDelegate.h; sourceTree = "<group>"; };
		656C6C7E168A2A0B00ECA482 /* AppDelegate.m */ = {isa = PBXFileReference; lastKnownFileType = sourcecode.c.objc; path = AppDelegate.m; sourceTree = "<group>"; };
		656C6C81168A2A0C00ECA482 /* en */ = {isa = PBXFileReference; lastKnownFileType = file.xib; name = en; path = en.lproj/MainMenu.xib; sourceTree = "<group>"; };
		656C6C88168A2A0C00ECA482 /* iTunes Volume ControlTests.octest */ = {isa = PBXFileReference; explicitFileType = wrapper.cfbundle; includeInIndex = 0; path = "iTunes Volume ControlTests.octest"; sourceTree = BUILT_PRODUCTS_DIR; };
		656C6C89168A2A0C00ECA482 /* SenTestingKit.framework */ = {isa = PBXFileReference; lastKnownFileType = wrapper.framework; name = SenTestingKit.framework; path = Library/Frameworks/SenTestingKit.framework; sourceTree = DEVELOPER_DIR; };
		656C6C90168A2A0C00ECA482 /* iTunes Volume ControlTests-Info.plist */ = {isa = PBXFileReference; lastKnownFileType = text.plist.xml; path = "iTunes Volume ControlTests-Info.plist"; sourceTree = "<group>"; };
		656C6C92168A2A0C00ECA482 /* en */ = {isa = PBXFileReference; lastKnownFileType = text.plist.strings; name = en; path = en.lproj/InfoPlist.strings; sourceTree = "<group>"; };
		656C6C94168A2A0C00ECA482 /* iTunes_Volume_ControlTests.h */ = {isa = PBXFileReference; lastKnownFileType = sourcecode.c.h; path = iTunes_Volume_ControlTests.h; sourceTree = "<group>"; };
		656C6C95168A2A0C00ECA482 /* iTunes_Volume_ControlTests.m */ = {isa = PBXFileReference; lastKnownFileType = sourcecode.c.objc; path = iTunes_Volume_ControlTests.m; sourceTree = "<group>"; };
/* End PBXFileReference section */

/* Begin PBXFrameworksBuildPhase section */
		656C6C64168A2A0B00ECA482 /* Frameworks */ = {
			isa = PBXFrameworksBuildPhase;
			buildActionMask = 2147483647;
			files = (
				656C6C6C168A2A0B00ECA482 /* Cocoa.framework in Frameworks */,
			);
			runOnlyForDeploymentPostprocessing = 0;
		};
		656C6C84168A2A0C00ECA482 /* Frameworks */ = {
			isa = PBXFrameworksBuildPhase;
			buildActionMask = 2147483647;
			files = (
				656C6C8A168A2A0C00ECA482 /* SenTestingKit.framework in Frameworks */,
				656C6C8B168A2A0C00ECA482 /* Cocoa.framework in Frameworks */,
			);
			runOnlyForDeploymentPostprocessing = 0;
		};
/* End PBXFrameworksBuildPhase section */

/* Begin PBXGroup section */
		656C6C5C168A2A0B00ECA482 = {
			isa = PBXGroup;
			children = (
				656C6C71168A2A0B00ECA482 /* iTunes Volume Control */,
				656C6C8E168A2A0C00ECA482 /* iTunes Volume ControlTests */,
				656C6C6A168A2A0B00ECA482 /* Frameworks */,
				656C6C68168A2A0B00ECA482 /* Products */,
			);
			sourceTree = "<group>";
		};
		656C6C68168A2A0B00ECA482 /* Products */ = {
			isa = PBXGroup;
			children = (
				656C6C67168A2A0B00ECA482 /* iTunes Volume Control.app */,
				656C6C88168A2A0C00ECA482 /* iTunes Volume ControlTests.octest */,
			);
			name = Products;
			sourceTree = "<group>";
		};
		656C6C6A168A2A0B00ECA482 /* Frameworks */ = {
			isa = PBXGroup;
			children = (
				656C6C6B168A2A0B00ECA482 /* Cocoa.framework */,
				656C6C89168A2A0C00ECA482 /* SenTestingKit.framework */,
				656C6C6D168A2A0B00ECA482 /* Other Frameworks */,
			);
			name = Frameworks;
			sourceTree = "<group>";
		};
		656C6C6D168A2A0B00ECA482 /* Other Frameworks */ = {
			isa = PBXGroup;
			children = (
				656C6C6E168A2A0B00ECA482 /* AppKit.framework */,
				656C6C6F168A2A0B00ECA482 /* CoreData.framework */,
				656C6C70168A2A0B00ECA482 /* Foundation.framework */,
			);
			name = "Other Frameworks";
			sourceTree = "<group>";
		};
		656C6C71168A2A0B00ECA482 /* iTunes Volume Control */ = {
			isa = PBXGroup;
			children = (
				656C6C7D168A2A0B00ECA482 /* AppDelegate.h */,
				656C6C7E168A2A0B00ECA482 /* AppDelegate.m */,
				656C6C80168A2A0C00ECA482 /* MainMenu.xib */,
				656C6C72168A2A0B00ECA482 /* Supporting Files */,
			);
			path = "iTunes Volume Control";
			sourceTree = "<group>";
		};
		656C6C72168A2A0B00ECA482 /* Supporting Files */ = {
			isa = PBXGroup;
			children = (
				656C6C73168A2A0B00ECA482 /* iTunes Volume Control-Info.plist */,
				656C6C74168A2A0B00ECA482 /* InfoPlist.strings */,
				656C6C77168A2A0B00ECA482 /* main.m */,
				656C6C79168A2A0B00ECA482 /* iTunes Volume Control-Prefix.pch */,
				656C6C7A168A2A0B00ECA482 /* Credits.rtf */,
			);
			name = "Supporting Files";
			sourceTree = "<group>";
		};
		656C6C8E168A2A0C00ECA482 /* iTunes Volume ControlTests */ = {
			isa = PBXGroup;
			children = (
				656C6C94168A2A0C00ECA482 /* iTunes_Volume_ControlTests.h */,
				656C6C95168A2A0C00ECA482 /* iTunes_Volume_ControlTests.m */,
				656C6C8F168A2A0C00ECA482 /* Supporting Files */,
			);
			path = "iTunes Volume ControlTests";
			sourceTree = "<group>";
		};
		656C6C8F168A2A0C00ECA482 /* Supporting Files */ = {
			isa = PBXGroup;
			children = (
				656C6C90168A2A0C00ECA482 /* iTunes Volume ControlTests-Info.plist */,
				656C6C91168A2A0C00ECA482 /* InfoPlist.strings */,
			);
			name = "Supporting Files";
			sourceTree = "<group>";
		};
/* End PBXGroup section */

/* Begin PBXNativeTarget section */
		656C6C66168A2A0B00ECA482 /* iTunes Volume Control */ = {
			isa = PBXNativeTarget;
			buildConfigurationList = 656C6C99168A2A0C00ECA482 /* Build configuration list for PBXNativeTarget "iTunes Volume Control" */;
			buildPhases = (
				656C6C63168A2A0B00ECA482 /* Sources */,
				656C6C64168A2A0B00ECA482 /* Frameworks */,
				656C6C65168A2A0B00ECA482 /* Resources */,
			);
			buildRules = (
			);
			dependencies = (
			);
			name = "iTunes Volume Control";
			productName = "iTunes Volume Control";
			productReference = 656C6C67168A2A0B00ECA482 /* iTunes Volume Control.app */;
			productType = "com.apple.product-type.application";
		};
		656C6C87168A2A0C00ECA482 /* iTunes Volume ControlTests */ = {
			isa = PBXNativeTarget;
			buildConfigurationList = 656C6C9C168A2A0C00ECA482 /* Build configuration list for PBXNativeTarget "iTunes Volume ControlTests" */;
			buildPhases = (
				656C6C83168A2A0C00ECA482 /* Sources */,
				656C6C84168A2A0C00ECA482 /* Frameworks */,
				656C6C85168A2A0C00ECA482 /* Resources */,
				656C6C86168A2A0C00ECA482 /* ShellScript */,
			);
			buildRules = (
			);
			dependencies = (
				656C6C8D168A2A0C00ECA482 /* PBXTargetDependency */,
			);
			name = "iTunes Volume ControlTests";
			productName = "iTunes Volume ControlTests";
			productReference = 656C6C88168A2A0C00ECA482 /* iTunes Volume ControlTests.octest */;
			productType = "com.apple.product-type.bundle";
		};
/* End PBXNativeTarget section */

/* Begin PBXProject section */
		656C6C5E168A2A0B00ECA482 /* Project object */ = {
			isa = PBXProject;
			attributes = {
				LastUpgradeCheck = 0450;
				ORGANIZATIONNAME = "Andrea Alberti";
			};
			buildConfigurationList = 656C6C61168A2A0B00ECA482 /* Build configuration list for PBXProject "iTunes Volume Control" */;
			compatibilityVersion = "Xcode 3.2";
			developmentRegion = English;
			hasScannedForEncodings = 0;
			knownRegions = (
				en,
			);
			mainGroup = 656C6C5C168A2A0B00ECA482;
			productRefGroup = 656C6C68168A2A0B00ECA482 /* Products */;
			projectDirPath = "";
			projectRoot = "";
			targets = (
				656C6C66168A2A0B00ECA482 /* iTunes Volume Control */,
				656C6C87168A2A0C00ECA482 /* iTunes Volume ControlTests */,
			);
		};
/* End PBXProject section */

/* Begin PBXResourcesBuildPhase section */
		656C6C65168A2A0B00ECA482 /* Resources */ = {
			isa = PBXResourcesBuildPhase;
			buildActionMask = 2147483647;
			files = (
				656C6C76168A2A0B00ECA482 /* InfoPlist.strings in Resources */,
				656C6C7C168A2A0B00ECA482 /* Credits.rtf in Resources */,
				656C6C82168A2A0C00ECA482 /* MainMenu.xib in Resources */,
			);
			runOnlyForDeploymentPostprocessing = 0;
		};
		656C6C85168A2A0C00ECA482 /* Resources */ = {
			isa = PBXResourcesBuildPhase;
			buildActionMask = 2147483647;
			files = (
				656C6C93168A2A0C00ECA482 /* InfoPlist.strings in Resources */,
			);
			runOnlyForDeploymentPostprocessing = 0;
		};
/* End PBXResourcesBuildPhase section */

/* Begin PBXShellScriptBuildPhase section */
		656C6C86168A2A0C00ECA482 /* ShellScript */ = {
			isa = PBXShellScriptBuildPhase;
			buildActionMask = 2147483647;
			files = (
			);
			inputPaths = (
			);
			outputPaths = (
			);
			runOnlyForDeploymentPostprocessing = 0;
			shellPath = /bin/sh;
			shellScript = "# Run the unit tests in this test bundle.\n\"${SYSTEM_DEVELOPER_DIR}/Tools/RunUnitTests\"\n";
		};
/* End PBXShellScriptBuildPhase section */

/* Begin PBXSourcesBuildPhase section */
		656C6C63168A2A0B00ECA482 /* Sources */ = {
			isa = PBXSourcesBuildPhase;
			buildActionMask = 2147483647;
			files = (
				656C6C78168A2A0B00ECA482 /* main.m in Sources */,
				656C6C7F168A2A0B00ECA482 /* AppDelegate.m in Sources */,
			);
			runOnlyForDeploymentPostprocessing = 0;
		};
		656C6C83168A2A0C00ECA482 /* Sources */ = {
			isa = PBXSourcesBuildPhase;
			buildActionMask = 2147483647;
			files = (
				656C6C96168A2A0C00ECA482 /* iTunes_Volume_ControlTests.m in Sources */,
			);
			runOnlyForDeploymentPostprocessing = 0;
		};
/* End PBXSourcesBuildPhase section */

/* Begin PBXTargetDependency section */
		656C6C8D168A2A0C00ECA482 /* PBXTargetDependency */ = {
			isa = PBXTargetDependency;
			target = 656C6C66168A2A0B00ECA482 /* iTunes Volume Control */;
			targetProxy = 656C6C8C168A2A0C00ECA482 /* PBXContainerItemProxy */;
		};
/* End PBXTargetDependency section */

/* Begin PBXVariantGroup section */
		656C6C74168A2A0B00ECA482 /* InfoPlist.strings */ = {
			isa = PBXVariantGroup;
			children = (
				656C6C75168A2A0B00ECA482 /* en */,
			);
			name = InfoPlist.strings;
			sourceTree = "<group>";
		};
		656C6C7A168A2A0B00ECA482 /* Credits.rtf */ = {
			isa = PBXVariantGroup;
			children = (
				656C6C7B168A2A0B00ECA482 /* en */,
			);
			name = Credits.rtf;
			sourceTree = "<group>";
		};
		656C6C80168A2A0C00ECA482 /* MainMenu.xib */ = {
			isa = PBXVariantGroup;
			children = (
				656C6C81168A2A0C00ECA482 /* en */,
			);
			name = MainMenu.xib;
			sourceTree = "<group>";
		};
		656C6C91168A2A0C00ECA482 /* InfoPlist.strings */ = {
			isa = PBXVariantGroup;
			children = (
				656C6C92168A2A0C00ECA482 /* en */,
			);
			name = InfoPlist.strings;
			sourceTree = "<group>";
		};
/* End PBXVariantGroup section */

/* Begin XCBuildConfiguration section */
		656C6C97168A2A0C00ECA482 /* Debug */ = {
			isa = XCBuildConfiguration;
			buildSettings = {
				ALWAYS_SEARCH_USER_PATHS = NO;
				ARCHS = "$(ARCHS_STANDARD_64_BIT)";
				CLANG_CXX_LANGUAGE_STANDARD = "gnu++0x";
				CLANG_CXX_LIBRARY = "libc++";
				CLANG_ENABLE_OBJC_ARC = YES;
				CLANG_WARN_EMPTY_BODY = YES;
				CLANG_WARN__DUPLICATE_METHOD_MATCH = YES;
				COPY_PHASE_STRIP = NO;
				GCC_C_LANGUAGE_STANDARD = gnu99;
				GCC_DYNAMIC_NO_PIC = NO;
				GCC_ENABLE_OBJC_EXCEPTIONS = YES;
				GCC_OPTIMIZATION_LEVEL = 0;
				GCC_PREPROCESSOR_DEFINITIONS = (
					"DEBUG=1",
					"$(inherited)",
				);
				GCC_SYMBOLS_PRIVATE_EXTERN = NO;
				GCC_WARN_64_TO_32_BIT_CONVERSION = YES;
				GCC_WARN_ABOUT_RETURN_TYPE = YES;
				GCC_WARN_UNINITIALIZED_AUTOS = YES;
				GCC_WARN_UNUSED_VARIABLE = YES;
				MACOSX_DEPLOYMENT_TARGET = 10.8;
				ONLY_ACTIVE_ARCH = YES;
				SDKROOT = macosx;
			};
			name = Debug;
		};
		656C6C98168A2A0C00ECA482 /* Release */ = {
			isa = XCBuildConfiguration;
			buildSettings = {
				ALWAYS_SEARCH_USER_PATHS = NO;
				ARCHS = "$(ARCHS_STANDARD_64_BIT)";
				CLANG_CXX_LANGUAGE_STANDARD = "gnu++0x";
				CLANG_CXX_LIBRARY = "libc++";
				CLANG_ENABLE_OBJC_ARC = YES;
				CLANG_WARN_EMPTY_BODY = YES;
				CLANG_WARN__DUPLICATE_METHOD_MATCH = YES;
				COPY_PHASE_STRIP = YES;
				DEBUG_INFORMATION_FORMAT = "dwarf-with-dsym";
				GCC_C_LANGUAGE_STANDARD = gnu99;
				GCC_ENABLE_OBJC_EXCEPTIONS = YES;
				GCC_WARN_64_TO_32_BIT_CONVERSION = YES;
				GCC_WARN_ABOUT_RETURN_TYPE = YES;
				GCC_WARN_UNINITIALIZED_AUTOS = YES;
				GCC_WARN_UNUSED_VARIABLE = YES;
				MACOSX_DEPLOYMENT_TARGET = 10.8;
				SDKROOT = macosx;
			};
			name = Release;
		};
		656C6C9A168A2A0C00ECA482 /* Debug */ = {
			isa = XCBuildConfiguration;
			buildSettings = {
				COMBINE_HIDPI_IMAGES = YES;
				GCC_PRECOMPILE_PREFIX_HEADER = YES;
				GCC_PREFIX_HEADER = "iTunes Volume Control/iTunes Volume Control-Prefix.pch";
				INFOPLIST_FILE = "iTunes Volume Control/iTunes Volume Control-Info.plist";
				PRODUCT_NAME = "$(TARGET_NAME)";
				WRAPPER_EXTENSION = app;
			};
			name = Debug;
		};
		656C6C9B168A2A0C00ECA482 /* Release */ = {
			isa = XCBuildConfiguration;
			buildSettings = {
				COMBINE_HIDPI_IMAGES = YES;
				GCC_PRECOMPILE_PREFIX_HEADER = YES;
				GCC_PREFIX_HEADER = "iTunes Volume Control/iTunes Volume Control-Prefix.pch";
				INFOPLIST_FILE = "iTunes Volume Control/iTunes Volume Control-Info.plist";
				PRODUCT_NAME = "$(TARGET_NAME)";
				WRAPPER_EXTENSION = app;
			};
			name = Release;
		};
		656C6C9D168A2A0C00ECA482 /* Debug */ = {
			isa = XCBuildConfiguration;
			buildSettings = {
				BUNDLE_LOADER = "$(BUILT_PRODUCTS_DIR)/iTunes Volume Control.app/Contents/MacOS/iTunes Volume Control";
				COMBINE_HIDPI_IMAGES = YES;
				FRAMEWORK_SEARCH_PATHS = "\"$(DEVELOPER_LIBRARY_DIR)/Frameworks\"";
				GCC_PRECOMPILE_PREFIX_HEADER = YES;
				GCC_PREFIX_HEADER = "iTunes Volume Control/iTunes Volume Control-Prefix.pch";
				INFOPLIST_FILE = "iTunes Volume ControlTests/iTunes Volume ControlTests-Info.plist";
				PRODUCT_NAME = "$(TARGET_NAME)";
				TEST_HOST = "$(BUNDLE_LOADER)";
				WRAPPER_EXTENSION = octest;
			};
			name = Debug;
		};
		656C6C9E168A2A0C00ECA482 /* Release */ = {
			isa = XCBuildConfiguration;
			buildSettings = {
				BUNDLE_LOADER = "$(BUILT_PRODUCTS_DIR)/iTunes Volume Control.app/Contents/MacOS/iTunes Volume Control";
				COMBINE_HIDPI_IMAGES = YES;
				FRAMEWORK_SEARCH_PATHS = "\"$(DEVELOPER_LIBRARY_DIR)/Frameworks\"";
				GCC_PRECOMPILE_PREFIX_HEADER = YES;
				GCC_PREFIX_HEADER = "iTunes Volume Control/iTunes Volume Control-Prefix.pch";
				INFOPLIST_FILE = "iTunes Volume ControlTests/iTunes Volume ControlTests-Info.plist";
				PRODUCT_NAME = "$(TARGET_NAME)";
				TEST_HOST = "$(BUNDLE_LOADER)";
				WRAPPER_EXTENSION = octest;
			};
			name = Release;
		};
/* End XCBuildConfiguration section */

/* Begin XCConfigurationList section */
		656C6C61168A2A0B00ECA482 /* Build configuration list for PBXProject "iTunes Volume Control" */ = {
			isa = XCConfigurationList;
			buildConfigurations = (
				656C6C97168A2A0C00ECA482 /* Debug */,
				656C6C98168A2A0C00ECA482 /* Release */,
			);
			defaultConfigurationIsVisible = 0;
			defaultConfigurationName = Release;
		};
		656C6C99168A2A0C00ECA482 /* Build configuration list for PBXNativeTarget "iTunes Volume Control" */ = {
			isa = XCConfigurationList;
			buildConfigurations = (
				656C6C9A168A2A0C00ECA482 /* Debug */,
				656C6C9B168A2A0C00ECA482 /* Release */,
			);
			defaultConfigurationIsVisible = 0;
		};
		656C6C9C168A2A0C00ECA482 /* Build configuration list for PBXNativeTarget "iTunes Volume ControlTests" */ = {
			isa = XCConfigurationList;
			buildConfigurations = (
				656C6C9D168A2A0C00ECA482 /* Debug */,
				656C6C9E168A2A0C00ECA482 /* Release */,
			);
			defaultConfigurationIsVisible = 0;
		};
/* End XCConfigurationList section */
	};
	rootObject = 656C6C5E168A2A0B00ECA482 /* Project object */;
}
